{
	"name": "@availity/breadcrumbs",
	"version": "1.0.0",
	"lockfileVersion": 1,
	"requires": true,
	"dependencies": {
		"@babel/runtime": {
			"version": "7.3.1",
			"resolved": "https://registry.npmjs.org/@babel/runtime/-/runtime-7.3.1.tgz",
			"integrity": "sha512-7jGW8ppV0ant637pIqAcFfQDDH1orEPGJb8aXfUozuCU3QqX7rX4DA8iwrbPrR1hcH0FTTHz47yQnk+bl5xHQA==",
			"dev": true,
			"requires": {
				"regenerator-runtime": "0.12.1"
			}
		},
		"@sheerun/mutationobserver-shim": {
			"version": "0.3.2",
			"resolved": "https://registry.npmjs.org/@sheerun/mutationobserver-shim/-/mutationobserver-shim-0.3.2.tgz",
			"integrity": "sha512-vTCdPp/T/Q3oSqwHmZ5Kpa9oI7iLtGl3RQaA/NyLHikvcrPxACkkKVr/XzkSPJWXHRhKGzVvb0urJsbMlRxi1Q==",
			"dev": true
		},
		"ansi-regex": {
			"version": "4.0.0",
			"resolved": "https://registry.npmjs.org/ansi-regex/-/ansi-regex-4.0.0.tgz",
			"integrity": "sha512-iB5Dda8t/UqpPI/IjsejXu5jOGDrzn41wJyljwPH65VCIbk6+1BzFIMJGFwTNrYXT1CrD+B4l19U7awiQ8rk7w==",
			"dev": true
		},
		"ansi-styles": {
			"version": "3.2.1",
			"resolved": "https://registry.npmjs.org/ansi-styles/-/ansi-styles-3.2.1.tgz",
			"integrity": "sha512-VT0ZI6kZRdTh8YyJw3SMbYm/u+NqfsAxEpWO0Pf9sq8/e94WxxOpPKx9FR1FlyCtOVDNOQ+8ntlqFxiRc+r5qA==",
			"dev": true,
			"requires": {
				"color-convert": "1.9.3"
			}
		},
		"classnames": {
			"version": "2.2.6",
			"resolved": "https://registry.npmjs.org/classnames/-/classnames-2.2.6.tgz",
			"integrity": "sha512-JR/iSQOSt+LQIWwrwEzJ9uk0xfN3mTVYMwt1Ir5mUcSN6pU+V4zQFFaJsclJbPuAUQH+yfWef6tm7l1quW3C8Q==",
			"dev": true
		},
		"color-convert": {
			"version": "1.9.3",
			"resolved": "https://registry.npmjs.org/color-convert/-/color-convert-1.9.3.tgz",
			"integrity": "sha512-QfAUtd+vFdAtFQcC8CCyYt1fYWxSqAiK2cSD6zDB8N3cpsEBAvRxp9zOGg6G/SHHJYAT88/az/IuDGALsNVbGg==",
			"dev": true,
			"requires": {
				"color-name": "1.1.3"
			}
		},
		"color-name": {
			"version": "1.1.3",
			"resolved": "https://registry.npmjs.org/color-name/-/color-name-1.1.3.tgz",
			"integrity": "sha1-p9BVi9icQveV3UIyj3QIMcpTvCU=",
			"dev": true
		},
		"dom-helpers": {
			"version": "3.4.0",
			"resolved": "https://registry.npmjs.org/dom-helpers/-/dom-helpers-3.4.0.tgz",
			"integrity": "sha512-LnuPJ+dwqKDIyotW1VzmOZ5TONUN7CwkCR5hrgawTUbkBGYdeoNLZo6nNfGkCrjtE1nXXaj7iMMpDa8/d9WoIA==",
			"dev": true,
			"requires": {
				"@babel/runtime": "7.3.1"
			}
		},
		"dom-testing-library": {
			"version": "3.16.5",
			"resolved": "https://registry.npmjs.org/dom-testing-library/-/dom-testing-library-3.16.5.tgz",
			"integrity": "sha512-t3OaTcDdsAqtAZNeZ13KnOJmt+2HaDJqYWyf0iBRzbG6GwrNtpF0122Ygu/qkerIwcnHMX1ihwZVx/DhaLpmTw==",
			"dev": true,
			"requires": {
				"@babel/runtime": "7.3.1",
				"@sheerun/mutationobserver-shim": "0.3.2",
				"pretty-format": "24.0.0",
				"wait-for-expect": "1.1.0"
			}
		},
		"history": {
			"version": "4.7.2",
			"resolved": "https://registry.npmjs.org/history/-/history-4.7.2.tgz",
			"integrity": "sha512-1zkBRWW6XweO0NBcjiphtVJVsIQ+SXF29z9DVkceeaSLVMFXHool+fdCZD4spDCfZJCILPILc3bm7Bc+HRi0nA==",
			"dev": true,
			"requires": {
				"invariant": "2.2.4",
				"loose-envify": "1.4.0",
				"resolve-pathname": "2.2.0",
				"value-equal": "0.4.0",
				"warning": "3.0.0"
			},
			"dependencies": {
				"warning": {
					"version": "3.0.0",
					"resolved": "https://registry.npmjs.org/warning/-/warning-3.0.0.tgz",
					"integrity": "sha1-MuU3fLVy3kqwR1O9+IIcAe1gW3w=",
					"dev": true,
					"requires": {
						"loose-envify": "1.4.0"
					}
				}
			}
		},
		"hoist-non-react-statics": {
			"version": "2.5.5",
			"resolved": "https://registry.npmjs.org/hoist-non-react-statics/-/hoist-non-react-statics-2.5.5.tgz",
			"integrity": "sha512-rqcy4pJo55FTTLWt+bU8ukscqHeE/e9KWvsOW2b/a3afxQZhwkQdT1rPPCJ0rYXdj4vNcasY8zHTH+jF/qStxw==",
			"dev": true
		},
		"invariant": {
			"version": "2.2.4",
			"resolved": "https://registry.npmjs.org/invariant/-/invariant-2.2.4.tgz",
			"integrity": "sha512-phJfQVBuaJM5raOpJjSfkiD6BpbCE4Ns//LaXl6wGYtUBY83nWS6Rf9tXm2e8VaK60JEjYldbPif/A2B1C2gNA==",
			"dev": true,
			"requires": {
				"loose-envify": "1.4.0"
			}
		},
		"isarray": {
			"version": "0.0.1",
			"resolved": "https://registry.npmjs.org/isarray/-/isarray-0.0.1.tgz",
			"integrity": "sha1-ihis/Kmo9Bd+Cav8YDiTmwXR7t8=",
			"dev": true
		},
		"js-tokens": {
			"version": "4.0.0",
			"resolved": "https://registry.npmjs.org/js-tokens/-/js-tokens-4.0.0.tgz",
			"integrity": "sha512-RdJUflcE3cUzKiMqQgsCu06FPu9UdIJO0beYbPhHN4k6apgJtifcoCtT9bcxOpYBtpD2kCM6Sbzg4CausW/PKQ=="
		},
		"lodash.isfunction": {
			"version": "3.0.9",
			"resolved": "https://registry.npmjs.org/lodash.isfunction/-/lodash.isfunction-3.0.9.tgz",
			"integrity": "sha512-AirXNj15uRIMMPihnkInB4i3NHeb4iBtNg9WRWuK2o31S+ePwwNmDPaTL3o7dTJ+VXNZim7rFs4rxN4YU1oUJw==",
			"dev": true
		},
		"lodash.isobject": {
			"version": "3.0.2",
			"resolved": "https://registry.npmjs.org/lodash.isobject/-/lodash.isobject-3.0.2.tgz",
			"integrity": "sha1-PI+41bW/S/kK4G4U8qUwpO2TXh0=",
			"dev": true
		},
		"lodash.tonumber": {
			"version": "4.0.3",
			"resolved": "https://registry.npmjs.org/lodash.tonumber/-/lodash.tonumber-4.0.3.tgz",
			"integrity": "sha1-C5azGzVnJ5Prf1pj7nkfG56QJdk=",
			"dev": true
		},
		"loose-envify": {
			"version": "1.4.0",
			"resolved": "https://registry.npmjs.org/loose-envify/-/loose-envify-1.4.0.tgz",
			"integrity": "sha512-lyuxPGr/Wfhrlem2CL/UcnUc1zcqKAImBDzukY7Y5F/yQiNdko6+fRLevlw1HgMySw7f611UIY408EtxRSoK3Q==",
			"requires": {
				"js-tokens": "4.0.0"
			}
		},
		"object-assign": {
			"version": "4.1.1",
			"resolved": "https://registry.npmjs.org/object-assign/-/object-assign-4.1.1.tgz",
			"integrity": "sha1-IQmtx5ZYh8/AXLvUQsrIv7s2CGM="
		},
		"path-to-regexp": {
			"version": "1.7.0",
			"resolved": "https://registry.npmjs.org/path-to-regexp/-/path-to-regexp-1.7.0.tgz",
			"integrity": "sha1-Wf3g9DW62suhA6hOnTvGTpa5k30=",
			"dev": true,
			"requires": {
				"isarray": "0.0.1"
			}
		},
		"popper.js": {
			"version": "1.14.7",
			"resolved": "https://registry.npmjs.org/popper.js/-/popper.js-1.14.7.tgz",
			"integrity": "sha512-4q1hNvoUre/8srWsH7hnoSJ5xVmIL4qgz+s4qf2TnJIMyZFUFMGH+9vE7mXynAlHSZ/NdTmmow86muD0myUkVQ==",
			"dev": true
		},
		"pretty-format": {
			"version": "24.0.0",
			"resolved": "https://registry.npmjs.org/pretty-format/-/pretty-format-24.0.0.tgz",
			"integrity": "sha512-LszZaKG665djUcqg5ZQq+XzezHLKrxsA86ZABTozp+oNhkdqa+tG2dX4qa6ERl5c/sRDrAa3lHmwnvKoP+OG/g==",
			"dev": true,
			"requires": {
				"ansi-regex": "4.0.0",
				"ansi-styles": "3.2.1"
			}
		},
		"prop-types": {
			"version": "15.6.2",
			"resolved": "https://registry.npmjs.org/prop-types/-/prop-types-15.6.2.tgz",
			"integrity": "sha512-3pboPvLiWD7dkI3qf3KbUe6hKFKa52w+AE0VCqECtf+QHAKgOL37tTaNCnuX1nAAQ4ZhyP+kYVKf8rLmJ/feDQ==",
			"requires": {
				"loose-envify": "1.4.0",
				"object-assign": "4.1.1"
			}
		},
		"react": {
			"version": "16.8.0",
			"resolved": "https://registry.npmjs.org/react/-/react-16.8.0.tgz",
			"integrity": "sha512-g+nikW2D48kqgWSPwNo0NH9tIGG3DsQFlrtrQ1kj6W77z5ahyIHG0w8kPpz4Sdj6gyLnz0lEd/xsjOoGge2MYQ==",
			"dev": true,
			"requires": {
				"loose-envify": "1.4.0",
				"object-assign": "4.1.1",
				"prop-types": "15.6.2",
				"scheduler": "0.13.0"
			}
		},
		"react-dom": {
			"version": "16.8.0",
			"resolved": "https://registry.npmjs.org/react-dom/-/react-dom-16.8.0.tgz",
			"integrity": "sha512-dBzoAGYZpW9Yggp+CzBPC7q1HmWSeRc93DWrwbskmG1eHJWznZB/p0l/Sm+69leIGUS91AXPB/qB3WcPnKx8Sw==",
			"dev": true,
			"requires": {
				"loose-envify": "1.4.0",
				"object-assign": "4.1.1",
				"prop-types": "15.6.2",
				"scheduler": "0.13.0"
			}
		},
		"react-lifecycles-compat": {
			"version": "3.0.4",
			"resolved": "https://registry.npmjs.org/react-lifecycles-compat/-/react-lifecycles-compat-3.0.4.tgz",
			"integrity": "sha512-fBASbA6LnOU9dOU2eW7aQ8xmYBSXUIWr+UmF9b1efZBazGNO+rcXT/icdKnYm2pTwcRylVUYwW7H1PHfLekVzA==",
			"dev": true
		},
		"react-popper": {
			"version": "0.10.4",
			"resolved": "https://registry.npmjs.org/react-popper/-/react-popper-0.10.4.tgz",
			"integrity": "sha1-rypBXqIike3VBGeNev2opu4ylao=",
			"dev": true,
			"requires": {
				"popper.js": "1.14.7",
				"prop-types": "15.6.2"
			}
		},
		"react-router": {
			"version": "4.3.1",
			"resolved": "https://registry.npmjs.org/react-router/-/react-router-4.3.1.tgz",
			"integrity": "sha512-yrvL8AogDh2X42Dt9iknk4wF4V8bWREPirFfS9gLU1huk6qK41sg7Z/1S81jjTrGHxa3B8R3J6xIkDAA6CVarg==",
			"dev": true,
			"requires": {
				"history": "4.7.2",
				"hoist-non-react-statics": "2.5.5",
				"invariant": "2.2.4",
				"loose-envify": "1.4.0",
				"path-to-regexp": "1.7.0",
				"prop-types": "15.6.2",
				"warning": "4.0.2"
			}
		},
		"react-router-dom": {
			"version": "4.3.1",
			"resolved": "https://registry.npmjs.org/react-router-dom/-/react-router-dom-4.3.1.tgz",
			"integrity": "sha512-c/MlywfxDdCp7EnB7YfPMOfMD3tOtIjrQlj/CKfNMBxdmpJP8xcz5P/UAFn3JbnQCNUxsHyVVqllF9LhgVyFCA==",
			"dev": true,
			"requires": {
				"history": "4.7.2",
				"invariant": "2.2.4",
				"loose-envify": "1.4.0",
				"prop-types": "15.6.2",
				"react-router": "4.3.1",
				"warning": "4.0.2"
			}
		},
		"react-testing-library": {
			"version": "5.4.4",
			"resolved": "https://registry.npmjs.org/react-testing-library/-/react-testing-library-5.4.4.tgz",
			"integrity": "sha512-/TiERZ+URSNhZQfjrUXh0VLsiLSmhqP1WP+2e2wWqWqrRIWpcAxrfuBxzlT75LYMDNmicEikaXJqRDi/pqCEDg==",
			"dev": true,
			"requires": {
				"dom-testing-library": "3.16.5"
			}
		},
		"react-transition-group": {
			"version": "2.5.3",
			"resolved": "https://registry.npmjs.org/react-transition-group/-/react-transition-group-2.5.3.tgz",
			"integrity": "sha512-2DGFck6h99kLNr8pOFk+z4Soq3iISydwOFeeEVPjTN6+Y01CmvbWmnN02VuTWyFdnRtIDPe+wy2q6Ui8snBPZg==",
			"dev": true,
			"requires": {
				"dom-helpers": "3.4.0",
				"loose-envify": "1.4.0",
				"prop-types": "15.6.2",
				"react-lifecycles-compat": "3.0.4"
			}
		},
		"reactstrap": {
			"version": "7.1.0",
			"resolved": "https://registry.npmjs.org/reactstrap/-/reactstrap-7.1.0.tgz",
			"integrity": "sha512-wtc4RkgnGn1TsZ0AxOZ2OqT+b8YmCWZj/tErPujWLepxzlEEhveZGC+uDerdaHVSAzJUP2DTk605iper7hutQQ==",
			"dev": true,
			"requires": {
				"@babel/runtime": "7.3.1",
				"classnames": "2.2.6",
				"lodash.isfunction": "3.0.9",
				"lodash.isobject": "3.0.2",
				"lodash.tonumber": "4.0.3",
				"prop-types": "15.6.2",
				"react-lifecycles-compat": "3.0.4",
				"react-popper": "0.10.4",
				"react-transition-group": "2.5.3"
			}
		},
		"regenerator-runtime": {
			"version": "0.12.1",
			"resolved": "https://registry.npmjs.org/regenerator-runtime/-/regenerator-runtime-0.12.1.tgz",
			"integrity": "sha512-odxIc1/vDlo4iZcfXqRYFj0vpXFNoGdKMAUieAlFYO6m/nl5e9KR/beGf41z4a1FI+aQgtjhuaSlDxQ0hmkrHg==",
			"dev": true
		},
		"resolve-pathname": {
			"version": "2.2.0",
			"resolved": "https://registry.npmjs.org/resolve-pathname/-/resolve-pathname-2.2.0.tgz",
			"integrity": "sha512-bAFz9ld18RzJfddgrO2e/0S2O81710++chRMUxHjXOYKF6jTAMrUNZrEZ1PvV0zlhfjidm08iRPdTLPno1FuRg==",
			"dev": true
		},
		"scheduler": {
			"version": "0.13.0",
			"resolved": "https://registry.npmjs.org/scheduler/-/scheduler-0.13.0.tgz",
			"integrity": "sha512-w7aJnV30jc7OsiZQNPVmBc+HooZuvQZIZIShKutC3tnMFMkcwVN9CZRRSSNw03OnSCKmEkK8usmwcw6dqBaLzw==",
			"dev": true,
			"requires": {
				"loose-envify": "1.4.0",
				"object-assign": "4.1.1"
			}
		},
		"value-equal": {
			"version": "0.4.0",
			"resolved": "https://registry.npmjs.org/value-equal/-/value-equal-0.4.0.tgz",
			"integrity": "sha512-x+cYdNnaA3CxvMaTX0INdTCN8m8aF2uY9BvEqmxuYp8bL09cs/kWVQPVGcA35fMktdOsP69IgU7wFj/61dJHEw==",
			"dev": true
		},
		"wait-for-expect": {
			"version": "1.1.0",
			"resolved": "https://registry.npmjs.org/wait-for-expect/-/wait-for-expect-1.1.0.tgz",
			"integrity": "sha512-vQDokqxyMyknfX3luCDn16bSaRcOyH6gGuUXMIbxBLeTo6nWuEWYqMTT9a+44FmW8c2m6TRWBdNvBBjA1hwEKg==",
			"dev": true
		},
		"warning": {
			"version": "4.0.2",
			"resolved": "https://registry.npmjs.org/warning/-/warning-4.0.2.tgz",
			"integrity": "sha512-wbTp09q/9C+jJn4KKJfJfoS6VleK/Dti0yqWSm6KMvJ4MRCXFQNapHuJXutJIrWV0Cf4AhTdeIe4qdKHR1+Hug==",
			"dev": true,
			"requires": {
				"loose-envify": "1.4.0"
			}
		}
	}
}
