{
  "name": "@availity/uppy-react",
  "version": "1.0.0",
  "lockfileVersion": 1,
  "requires": true,
  "dependencies": {
    "after": {
      "version": "0.8.2",
      "resolved": "http://repo.availity.com:8081/artifactory/api/npm/npm/after/-/after-0.8.2.tgz",
      "integrity": "sha1-/ts5T58OAqqXaOcCvaI7UF+ufh8="
    },
    "arraybuffer.slice": {
      "version": "0.0.7",
      "resolved": "http://repo.availity.com:8081/artifactory/api/npm/npm/arraybuffer.slice/-/arraybuffer.slice-0.0.7.tgz",
      "integrity": "sha1-O7xCdd1YTMGxCAm4nU6LY6aednU="
    },
    "asap": {
      "version": "2.0.6",
      "resolved": "http://repo.availity.com:8081/artifactory/api/npm/npm/asap/-/asap-2.0.6.tgz",
      "integrity": "sha1-5QNHYR1+aQlDIIu9r+vLwvuGbUY="
    },
    "async-limiter": {
      "version": "1.0.0",
      "resolved": "http://repo.availity.com:8081/artifactory/api/npm/npm/async-limiter/-/async-limiter-1.0.0.tgz",
      "integrity": "sha1-ePrtjD0HSrgfIrTphdeehzj3IPg="
    },
    "attempt-x": {
      "version": "1.1.1",
      "resolved": "http://repo.availity.com:8081/artifactory/api/npm/npm/attempt-x/-/attempt-x-1.1.1.tgz",
      "integrity": "sha1-+6ZOls4Dw+C9kskmIgYcTfOHy3Y="
    },
    "backo2": {
      "version": "1.0.2",
      "resolved": "http://repo.availity.com:8081/artifactory/api/npm/npm/backo2/-/backo2-1.0.2.tgz",
      "integrity": "sha1-MasayLEpNjRj41s+u2n038+6eUc="
    },
    "base64-arraybuffer": {
      "version": "0.1.5",
      "resolved": "http://repo.availity.com:8081/artifactory/api/npm/npm/base64-arraybuffer/-/base64-arraybuffer-0.1.5.tgz",
      "integrity": "sha1-c5JncZI7Whl0etZmqlzUv5xunOg="
    },
    "better-assert": {
      "version": "1.0.2",
      "resolved": "http://repo.availity.com:8081/artifactory/api/npm/npm/better-assert/-/better-assert-1.0.2.tgz",
      "integrity": "sha1-QIZrnhueC1W0gYlDEeaPr/rrxSI=",
      "requires": {
        "callsite": "1.0.0"
      }
    },
    "blob": {
      "version": "0.0.4",
      "resolved": "http://repo.availity.com:8081/artifactory/api/npm/npm/blob/-/blob-0.0.4.tgz",
      "integrity": "sha1-vPEwUspURj8w+fx+lbmkdjCpSSE="
    },
    "blob-to-buffer": {
      "version": "1.2.7",
      "resolved": "http://repo.availity.com:8081/artifactory/api/npm/npm/blob-to-buffer/-/blob-to-buffer-1.2.7.tgz",
      "integrity": "sha1-vY7uCu8wC1CeIwWtdSzejBTmSZw="
    },
    "browser-fingerprint": {
      "version": "0.0.1",
      "resolved": "http://repo.availity.com:8081/artifactory/api/npm/npm/browser-fingerprint/-/browser-fingerprint-0.0.1.tgz",
      "integrity": "sha1-jfPNyiW/fVs1QtYVRdcwBT/OYEo="
    },
    "buffer-from": {
      "version": "0.1.1",
      "resolved": "http://repo.availity.com:8081/artifactory/api/npm/npm/buffer-from/-/buffer-from-0.1.1.tgz",
      "integrity": "sha1-V7GLHaChnsBvM4N6UnWiQjUb114=",
      "requires": {
        "is-array-buffer-x": "1.7.0"
      }
    },
    "cached-constructors-x": {
      "version": "1.0.0",
      "resolved": "http://repo.availity.com:8081/artifactory/api/npm/npm/cached-constructors-x/-/cached-constructors-x-1.0.0.tgz",
      "integrity": "sha1-xCHjiSpLb3eUQ0vc/9EpmzMMGBs="
    },
    "callsite": {
      "version": "1.0.0",
      "resolved": "http://repo.availity.com:8081/artifactory/api/npm/npm/callsite/-/callsite-1.0.0.tgz",
      "integrity": "sha1-KAOY5dZkvXQDi28JBRU+borxvCA="
    },
    "classnames": {
      "version": "2.2.5",
      "resolved": "http://repo.availity.com:8081/artifactory/api/npm/npm/classnames/-/classnames-2.2.5.tgz",
      "integrity": "sha1-+zgB1FNGdknvNgPH1hoCvRKb3m0="
    },
    "component-bind": {
      "version": "1.0.0",
      "resolved": "http://repo.availity.com:8081/artifactory/api/npm/npm/component-bind/-/component-bind-1.0.0.tgz",
      "integrity": "sha1-AMYIq33Nk4l8AAllGx06jh5zu9E="
    },
    "component-emitter": {
      "version": "1.2.1",
      "resolved": "http://repo.availity.com:8081/artifactory/api/npm/npm/component-emitter/-/component-emitter-1.2.1.tgz",
      "integrity": "sha1-E3kY1teCg/ffemt8WmPhQOaUJeY="
    },
    "component-inherit": {
      "version": "0.0.3",
      "resolved": "http://repo.availity.com:8081/artifactory/api/npm/npm/component-inherit/-/component-inherit-0.0.3.tgz",
      "integrity": "sha1-ZF/ErfWLcrZJ1crmUTVhnbJv8UM="
    },
    "core-js": {
      "version": "1.2.7",
      "resolved": "http://repo.availity.com:8081/artifactory/api/npm/npm/core-js/-/core-js-1.2.7.tgz",
      "integrity": "sha1-ZSKUwUZR2yj6k70tX/KYOk8IxjY="
    },
    "cuid": {
      "version": "1.3.8",
      "resolved": "http://repo.availity.com:8081/artifactory/api/npm/npm/cuid/-/cuid-1.3.8.tgz",
      "integrity": "sha1-S4deCWm612T37AcGz0T1+wgx9rc=",
      "requires": {
        "browser-fingerprint": "0.0.1",
        "core-js": "1.2.7",
        "node-fingerprint": "0.0.2"
      }
    },
    "debug": {
      "version": "2.6.9",
      "resolved": "http://repo.availity.com:8081/artifactory/api/npm/npm/debug/-/debug-2.6.9.tgz",
      "integrity": "sha1-XRKFFd8TT/Mn6QpMk/Tgd6U2NB8=",
      "requires": {
        "ms": "2.0.0"
      }
    },
    "drag-drop": {
      "version": "2.13.2",
      "resolved": "http://repo.availity.com:8081/artifactory/api/npm/npm/drag-drop/-/drag-drop-2.13.2.tgz",
      "integrity": "sha1-oB/0RZEj9a4KjIvZuzjGJcy4FVA=",
      "requires": {
        "blob-to-buffer": "1.2.7",
        "flatten": "1.0.2",
        "run-parallel": "1.1.6"
      }
    },
    "encoding": {
      "version": "0.1.12",
      "resolved": "http://repo.availity.com:8081/artifactory/api/npm/npm/encoding/-/encoding-0.1.12.tgz",
      "integrity": "sha1-U4tm8+5izRq1HsMjgp0flIDHS+s=",
      "requires": {
        "iconv-lite": "0.4.19"
      }
    },
    "engine.io-client": {
      "version": "3.1.4",
      "resolved": "http://repo.availity.com:8081/artifactory/api/npm/npm/engine.io-client/-/engine.io-client-3.1.4.tgz",
      "integrity": "sha1-T88TcLRxY70s6b4nM5ckMDUNTqE=",
      "requires": {
        "component-emitter": "1.2.1",
        "component-inherit": "0.0.3",
        "debug": "2.6.9",
        "engine.io-parser": "2.1.2",
        "has-cors": "1.1.0",
        "indexof": "0.0.1",
        "parseqs": "0.0.5",
        "parseuri": "0.0.5",
        "ws": "3.3.3",
        "xmlhttprequest-ssl": "1.5.5",
        "yeast": "0.1.2"
      }
    },
    "engine.io-parser": {
      "version": "2.1.2",
      "resolved": "http://repo.availity.com:8081/artifactory/api/npm/npm/engine.io-parser/-/engine.io-parser-2.1.2.tgz",
      "integrity": "sha1-TA9M/3mq7su9z96maoI8YIVAkZY=",
      "requires": {
        "after": "0.8.2",
        "arraybuffer.slice": "0.0.7",
        "base64-arraybuffer": "0.1.5",
        "blob": "0.0.4",
        "has-binary2": "1.0.2"
      }
    },
    "es6-promise": {
      "version": "3.2.1",
      "resolved": "http://repo.availity.com:8081/artifactory/api/npm/npm/es6-promise/-/es6-promise-3.2.1.tgz",
      "integrity": "sha1-7FYjOGgDKQkgcXDDlEjiREndH8Q="
    },
    "extend": {
      "version": "3.0.1",
      "resolved": "http://repo.availity.com:8081/artifactory/api/npm/npm/extend/-/extend-3.0.1.tgz",
      "integrity": "sha1-p1Xqe8Gt/MWjHOfnYtuq3F5jZEQ="
    },
    "fbjs": {
      "version": "0.8.16",
      "resolved": "http://repo.availity.com:8081/artifactory/api/npm/npm/fbjs/-/fbjs-0.8.16.tgz",
      "integrity": "sha1-XmdDL1UNxBtXK/VYR7ispk5TN9s=",
      "requires": {
        "core-js": "1.2.7",
        "isomorphic-fetch": "2.2.1",
        "loose-envify": "1.3.1",
        "object-assign": "4.1.1",
        "promise": "7.3.1",
        "setimmediate": "1.0.5",
        "ua-parser-js": "0.7.17"
      }
    },
    "flatten": {
      "version": "1.0.2",
      "resolved": "http://repo.availity.com:8081/artifactory/api/npm/npm/flatten/-/flatten-1.0.2.tgz",
      "integrity": "sha1-2uRqnXj74lKSJYzB54CkHZXAN4I="
    },
    "get-form-data": {
      "version": "1.2.5",
      "resolved": "http://repo.availity.com:8081/artifactory/api/npm/npm/get-form-data/-/get-form-data-1.2.5.tgz",
      "integrity": "sha1-yQ+bix0tvbRulIDoi6xjKT/msYI="
    },
    "has-binary2": {
      "version": "1.0.2",
      "resolved": "http://repo.availity.com:8081/artifactory/api/npm/npm/has-binary2/-/has-binary2-1.0.2.tgz",
      "integrity": "sha1-6D26SfC5vk0CbSc2U1DZ8D9Uvpg=",
      "requires": {
        "isarray": "2.0.1"
      }
    },
    "has-cors": {
      "version": "1.1.0",
      "resolved": "http://repo.availity.com:8081/artifactory/api/npm/npm/has-cors/-/has-cors-1.1.0.tgz",
      "integrity": "sha1-XkdHk/fqmEPRu5nCPu9J/xJv/zk="
    },
    "has-own-property-x": {
      "version": "3.2.0",
      "resolved": "http://repo.availity.com:8081/artifactory/api/npm/npm/has-own-property-x/-/has-own-property-x-3.2.0.tgz",
      "integrity": "sha1-HEsRKld8jLWAVGlVblS26Vnk3tk=",
      "requires": {
        "cached-constructors-x": "1.0.0",
        "to-object-x": "1.5.0",
        "to-property-key-x": "2.0.2"
      }
    },
    "has-symbol-support-x": {
      "version": "1.4.1",
      "resolved": "http://repo.availity.com:8081/artifactory/api/npm/npm/has-symbol-support-x/-/has-symbol-support-x-1.4.1.tgz",
      "integrity": "sha1-ZuwuN34MfXzO2wejqE13UQ/xvEw="
    },
    "has-to-string-tag-x": {
      "version": "1.4.1",
      "resolved": "http://repo.availity.com:8081/artifactory/api/npm/npm/has-to-string-tag-x/-/has-to-string-tag-x-1.4.1.tgz",
      "integrity": "sha1-oEWrOD17SyASoAFIqwql8pAETU0=",
      "requires": {
        "has-symbol-support-x": "1.4.1"
      }
    },
    "iconv-lite": {
      "version": "0.4.19",
      "resolved": "http://repo.availity.com:8081/artifactory/api/npm/npm/iconv-lite/-/iconv-lite-0.4.19.tgz",
      "integrity": "sha1-90aPYBNfXl2tM5nAqBvpoWA6CCs="
    },
    "indexof": {
      "version": "0.0.1",
      "resolved": "http://repo.availity.com:8081/artifactory/api/npm/npm/indexof/-/indexof-0.0.1.tgz",
      "integrity": "sha1-gtwzbSMrkGIXnQWrMpOmYFn9Q10="
    },
    "infinity-x": {
      "version": "1.0.0",
      "resolved": "http://repo.availity.com:8081/artifactory/api/npm/npm/infinity-x/-/infinity-x-1.0.0.tgz",
      "integrity": "sha1-zqLXUYHYIJYbD3LXjnxOBv3VWgc="
    },
    "is-array-buffer-x": {
      "version": "1.7.0",
      "resolved": "http://repo.availity.com:8081/artifactory/api/npm/npm/is-array-buffer-x/-/is-array-buffer-x-1.7.0.tgz",
      "integrity": "sha1-SwsQQntkqjQ3dnrfT8B3AsWbI3E=",
      "requires": {
        "attempt-x": "1.1.1",
        "has-to-string-tag-x": "1.4.1",
        "is-object-like-x": "1.6.0",
        "object-get-own-property-descriptor-x": "3.2.0",
        "to-string-tag-x": "1.4.2"
      }
    },
    "is-date-object": {
      "version": "1.0.1",
      "resolved": "http://repo.availity.com:8081/artifactory/api/npm/npm/is-date-object/-/is-date-object-1.0.1.tgz",
      "integrity": "sha1-mqIOtq7rv/d/vTPnTKAbM1gdOhY="
    },
    "is-falsey-x": {
      "version": "1.0.1",
      "resolved": "http://repo.availity.com:8081/artifactory/api/npm/npm/is-falsey-x/-/is-falsey-x-1.0.1.tgz",
      "integrity": "sha1-xGmVGtyVuLP9v5CSmzNafek30X8=",
      "requires": {
        "to-boolean-x": "1.0.1"
      }
    },
    "is-finite-x": {
      "version": "3.0.2",
      "resolved": "http://repo.availity.com:8081/artifactory/api/npm/npm/is-finite-x/-/is-finite-x-3.0.2.tgz",
      "integrity": "sha1-puxoPPsrwakYof9Z0XjtvOpU96Y=",
      "requires": {
        "infinity-x": "1.0.0",
        "is-nan-x": "1.0.1"
      }
    },
    "is-function-x": {
      "version": "3.3.0",
      "resolved": "http://repo.availity.com:8081/artifactory/api/npm/npm/is-function-x/-/is-function-x-3.3.0.tgz",
      "integrity": "sha1-fRa8EThT2yBtXkCosyyvmb1P98A=",
      "requires": {
        "attempt-x": "1.1.1",
        "has-to-string-tag-x": "1.4.1",
        "is-falsey-x": "1.0.1",
        "is-primitive": "2.0.0",
        "normalize-space-x": "3.0.0",
        "replace-comments-x": "2.0.0",
        "to-boolean-x": "1.0.1",
        "to-string-tag-x": "1.4.2"
      }
    },
    "is-index-x": {
      "version": "1.1.0",
      "resolved": "http://repo.availity.com:8081/artifactory/api/npm/npm/is-index-x/-/is-index-x-1.1.0.tgz",
      "integrity": "sha1-Q9rJezoE8wGRUwgz9FrDUAFoLuI=",
      "requires": {
        "math-clamp-x": "1.2.0",
        "max-safe-integer": "1.0.1",
        "to-integer-x": "3.0.0",
        "to-number-x": "2.0.0",
        "to-string-symbols-supported-x": "1.0.0"
      }
    },
    "is-nan-x": {
      "version": "1.0.1",
      "resolved": "http://repo.availity.com:8081/artifactory/api/npm/npm/is-nan-x/-/is-nan-x-1.0.1.tgz",
      "integrity": "sha1-3nR+vMi93rZvNnwXysp+uoQ4VcA="
    },
    "is-nil-x": {
      "version": "1.4.1",
      "resolved": "http://repo.availity.com:8081/artifactory/api/npm/npm/is-nil-x/-/is-nil-x-1.4.1.tgz",
      "integrity": "sha1-vZ57CLTNcy+dy94T2TKRuy7C4kg=",
      "requires": {
        "lodash.isnull": "3.0.0",
        "validate.io-undefined": "1.0.3"
      }
    },
    "is-object-like-x": {
      "version": "1.6.0",
      "resolved": "http://repo.availity.com:8081/artifactory/api/npm/npm/is-object-like-x/-/is-object-like-x-1.6.0.tgz",
      "integrity": "sha1-qMSpW9a5XbF04ORzAXGhYOxzvoI=",
      "requires": {
        "is-function-x": "3.3.0",
        "is-primitive": "2.0.0"
      }
    },
    "is-primitive": {
      "version": "2.0.0",
      "resolved": "http://repo.availity.com:8081/artifactory/api/npm/npm/is-primitive/-/is-primitive-2.0.0.tgz",
      "integrity": "sha1-IHurkWOEmcB7Kt8kCkGochADRXU="
    },
    "is-stream": {
      "version": "1.1.0",
      "resolved": "http://repo.availity.com:8081/artifactory/api/npm/npm/is-stream/-/is-stream-1.1.0.tgz",
      "integrity": "sha1-EtSj3U5o4Lec6428hBc66A2RykQ="
    },
    "is-string": {
      "version": "1.0.4",
      "resolved": "http://repo.availity.com:8081/artifactory/api/npm/npm/is-string/-/is-string-1.0.4.tgz",
      "integrity": "sha1-zDqbaYV9Yh6WNyWiTK7shzuCbmQ="
    },
    "is-symbol": {
      "version": "1.0.1",
      "resolved": "http://repo.availity.com:8081/artifactory/api/npm/npm/is-symbol/-/is-symbol-1.0.1.tgz",
      "integrity": "sha1-PMWfAAJRlLarLjjbrmaJJWtmBXI="
    },
    "isarray": {
      "version": "2.0.1",
      "resolved": "http://repo.availity.com:8081/artifactory/api/npm/npm/isarray/-/isarray-2.0.1.tgz",
      "integrity": "sha1-o32U7ZzaLVmGXJ92/llu4fM4dB4="
    },
    "isomorphic-fetch": {
      "version": "2.2.1",
      "resolved": "http://repo.availity.com:8081/artifactory/api/npm/npm/isomorphic-fetch/-/isomorphic-fetch-2.2.1.tgz",
      "integrity": "sha1-YRrhrPFPXoH3KVB0coGf6XM1WKk=",
      "requires": {
        "node-fetch": "1.7.3",
        "whatwg-fetch": "2.0.3"
      }
    },
    "js-tokens": {
      "version": "3.0.2",
      "resolved": "http://repo.availity.com:8081/artifactory/api/npm/npm/js-tokens/-/js-tokens-3.0.2.tgz",
      "integrity": "sha1-mGbfOVECEw449/mWvOtlRDIJwls="
    },
    "lodash.isnull": {
      "version": "3.0.0",
      "resolved": "http://repo.availity.com:8081/artifactory/api/npm/npm/lodash.isnull/-/lodash.isnull-3.0.0.tgz",
      "integrity": "sha1-+vvlnqHcon7teGU0A53YTC4HxW4="
    },
    "lodash.throttle": {
      "version": "4.1.1",
      "resolved": "http://repo.availity.com:8081/artifactory/api/npm/npm/lodash.throttle/-/lodash.throttle-4.1.1.tgz",
      "integrity": "sha1-wj6RtxAkKscMN/HhzaknTMOb8vQ="
    },
    "loose-envify": {
      "version": "1.3.1",
      "resolved": "http://repo.availity.com:8081/artifactory/api/npm/npm/loose-envify/-/loose-envify-1.3.1.tgz",
      "integrity": "sha1-0aitM/qc4OcT1l/dCsi3SNR4yEg=",
      "requires": {
        "js-tokens": "3.0.2"
      }
    },
    "math-clamp-x": {
      "version": "1.2.0",
      "resolved": "http://repo.availity.com:8081/artifactory/api/npm/npm/math-clamp-x/-/math-clamp-x-1.2.0.tgz",
      "integrity": "sha1-i1N74GRbu6fuc+4WCR59YBjF7c8=",
      "requires": {
        "to-number-x": "2.0.0"
      }
    },
    "math-sign-x": {
      "version": "3.0.0",
      "resolved": "http://repo.availity.com:8081/artifactory/api/npm/npm/math-sign-x/-/math-sign-x-3.0.0.tgz",
      "integrity": "sha1-1ShgIrSOFQw4RymoYELgg1Jkw+0=",
      "requires": {
        "is-nan-x": "1.0.1",
        "to-number-x": "2.0.0"
      }
    },
    "max-safe-integer": {
      "version": "1.0.1",
      "resolved": "http://repo.availity.com:8081/artifactory/api/npm/npm/max-safe-integer/-/max-safe-integer-1.0.1.tgz",
      "integrity": "sha1-84BgvixWPYwC5tSK85Ei/YO29BA="
    },
    "mime-match": {
      "version": "1.0.2",
      "resolved": "http://repo.availity.com:8081/artifactory/api/npm/npm/mime-match/-/mime-match-1.0.2.tgz",
      "integrity": "sha1-P4fDHprxpf1IX7nbE0Qosju7e6g=",
      "requires": {
        "wildcard": "1.1.2"
      }
    },
    "ms": {
      "version": "2.0.0",
      "resolved": "http://repo.availity.com:8081/artifactory/api/npm/npm/ms/-/ms-2.0.0.tgz",
      "integrity": "sha1-VgiurfwAvmwpAd9fmGF4jeDVl8g="
    },
    "namespace-emitter": {
      "version": "2.0.1",
      "resolved": "http://repo.availity.com:8081/artifactory/api/npm/npm/namespace-emitter/-/namespace-emitter-2.0.1.tgz",
      "integrity": "sha1-l41RNhxhMTtOa4z284U9CN+isXw="
    },
    "nan-x": {
      "version": "1.0.0",
      "resolved": "http://repo.availity.com:8081/artifactory/api/npm/npm/nan-x/-/nan-x-1.0.0.tgz",
      "integrity": "sha1-DueOjRzQWS1bQmCllAFUVFxhwSE="
    },
    "node-fetch": {
      "version": "1.7.3",
      "resolved": "http://repo.availity.com:8081/artifactory/api/npm/npm/node-fetch/-/node-fetch-1.7.3.tgz",
      "integrity": "sha1-mA9vcthSEaU0fGsrwYxbhMPrR+8=",
      "requires": {
        "encoding": "0.1.12",
        "is-stream": "1.1.0"
      }
    },
    "node-fingerprint": {
      "version": "0.0.2",
      "resolved": "http://repo.availity.com:8081/artifactory/api/npm/npm/node-fingerprint/-/node-fingerprint-0.0.2.tgz",
      "integrity": "sha1-Mcur63GmeufdWn3AQuUcPHWGhQE="
    },
    "normalize-space-x": {
      "version": "3.0.0",
      "resolved": "http://repo.availity.com:8081/artifactory/api/npm/npm/normalize-space-x/-/normalize-space-x-3.0.0.tgz",
      "integrity": "sha1-F5B9bHxySk+VZ0ccuzGVU7wPiII=",
      "requires": {
        "cached-constructors-x": "1.0.0",
        "trim-x": "3.0.0",
        "white-space-x": "3.0.0"
      }
    },
    "object-assign": {
      "version": "4.1.1",
      "resolved": "http://repo.availity.com:8081/artifactory/api/npm/npm/object-assign/-/object-assign-4.1.1.tgz",
      "integrity": "sha1-IQmtx5ZYh8/AXLvUQsrIv7s2CGM="
    },
    "object-component": {
      "version": "0.0.3",
      "resolved": "http://repo.availity.com:8081/artifactory/api/npm/npm/object-component/-/object-component-0.0.3.tgz",
      "integrity": "sha1-8MaapQ78lbhmwYb0AKM3acsvEpE="
    },
    "object-get-own-property-descriptor-x": {
      "version": "3.2.0",
      "resolved": "http://repo.availity.com:8081/artifactory/api/npm/npm/object-get-own-property-descriptor-x/-/object-get-own-property-descriptor-x-3.2.0.tgz",
      "integrity": "sha1-RkWFrQPmYQjtFmyZMluNLFupNxI=",
      "requires": {
        "attempt-x": "1.1.1",
        "has-own-property-x": "3.2.0",
        "has-symbol-support-x": "1.4.1",
        "is-falsey-x": "1.0.1",
        "is-index-x": "1.1.0",
        "is-primitive": "2.0.0",
        "is-string": "1.0.4",
        "property-is-enumerable-x": "1.1.0",
        "to-object-x": "1.5.0",
        "to-property-key-x": "2.0.2"
      }
    },
    "parse-int-x": {
      "version": "2.0.0",
      "resolved": "http://repo.availity.com:8081/artifactory/api/npm/npm/parse-int-x/-/parse-int-x-2.0.0.tgz",
      "integrity": "sha1-n5edQRWTDfL0cGpBgQuccSQFVS8=",
      "requires": {
        "cached-constructors-x": "1.0.0",
        "nan-x": "1.0.0",
        "to-string-x": "1.4.2",
        "trim-left-x": "3.0.0"
      }
    },
    "parseqs": {
      "version": "0.0.5",
      "resolved": "http://repo.availity.com:8081/artifactory/api/npm/npm/parseqs/-/parseqs-0.0.5.tgz",
      "integrity": "sha1-1SCKNzjkZ2bikbouoXNoSSGouJ0=",
      "requires": {
        "better-assert": "1.0.2"
      }
    },
    "parseuri": {
      "version": "0.0.5",
      "resolved": "http://repo.availity.com:8081/artifactory/api/npm/npm/parseuri/-/parseuri-0.0.5.tgz",
      "integrity": "sha1-gCBKUNTbt3m/3G6+J3jZDkvOMgo=",
      "requires": {
        "better-assert": "1.0.2"
      }
    },
    "preact": {
      "version": "8.2.7",
      "resolved": "http://repo.availity.com:8081/artifactory/api/npm/npm/preact/-/preact-8.2.7.tgz",
      "integrity": "sha1-MWJJ+2eM1ek+fO5jzqe/ti29aBQ="
    },
    "prettier-bytes": {
      "version": "1.0.4",
      "resolved": "http://repo.availity.com:8081/artifactory/api/npm/npm/prettier-bytes/-/prettier-bytes-1.0.4.tgz",
      "integrity": "sha1-mUsCqkb2mcULYle1+qp/4lV+YtY="
    },
    "promise": {
      "version": "7.3.1",
      "resolved": "http://repo.availity.com:8081/artifactory/api/npm/npm/promise/-/promise-7.3.1.tgz",
      "integrity": "sha1-BktyYCsY+Q8pGSuLG8QY/9Hr078=",
      "requires": {
        "asap": "2.0.6"
      }
    },
    "property-is-enumerable-x": {
      "version": "1.1.0",
      "resolved": "http://repo.availity.com:8081/artifactory/api/npm/npm/property-is-enumerable-x/-/property-is-enumerable-x-1.1.0.tgz",
      "integrity": "sha1-fKSJF0ds0JFLN4Cb/QV3ag2UL28=",
      "requires": {
        "to-object-x": "1.5.0",
        "to-property-key-x": "2.0.2"
      }
    },
    "querystringify": {
      "version": "1.0.0",
      "resolved": "http://repo.availity.com:8081/artifactory/api/npm/npm/querystringify/-/querystringify-1.0.0.tgz",
      "integrity": "sha1-YoYkIRLFtxL6ZU5SZlK/ahP/Bcs="
    },
    "replace-comments-x": {
      "version": "2.0.0",
      "resolved": "http://repo.availity.com:8081/artifactory/api/npm/npm/replace-comments-x/-/replace-comments-x-2.0.0.tgz",
      "integrity": "sha1-pc7Bjv2RKq14p8PEtp0BdoVW0UA=",
      "requires": {
        "require-coercible-to-string-x": "1.0.0",
        "to-string-x": "1.4.2"
      }
    },
    "require-coercible-to-string-x": {
      "version": "1.0.0",
      "resolved": "http://repo.availity.com:8081/artifactory/api/npm/npm/require-coercible-to-string-x/-/require-coercible-to-string-x-1.0.0.tgz",
      "integrity": "sha1-Nns+nKZ+ADJMQRsLSYRTp0zVVp4=",
      "requires": {
        "require-object-coercible-x": "1.4.1",
        "to-string-x": "1.4.2"
      }
    },
    "require-object-coercible-x": {
      "version": "1.4.1",
      "resolved": "http://repo.availity.com:8081/artifactory/api/npm/npm/require-object-coercible-x/-/require-object-coercible-x-1.4.1.tgz",
      "integrity": "sha1-dbn7W9otFc9wWlcU8QjotAyj6y4=",
      "requires": {
        "is-nil-x": "1.4.1"
      }
    },
    "requires-port": {
      "version": "1.0.0",
      "resolved": "http://repo.availity.com:8081/artifactory/api/npm/npm/requires-port/-/requires-port-1.0.0.tgz",
      "integrity": "sha1-kl0mAdOaxIXgkc8NpcbmlNw9yv8="
    },
    "resolve-url": {
      "version": "0.2.1",
      "resolved": "http://repo.availity.com:8081/artifactory/api/npm/npm/resolve-url/-/resolve-url-0.2.1.tgz",
      "integrity": "sha1-LGN/53yJOv0qZj/iGqkIAGjiBSo="
    },
    "run-parallel": {
      "version": "1.1.6",
      "resolved": "http://repo.availity.com:8081/artifactory/api/npm/npm/run-parallel/-/run-parallel-1.1.6.tgz",
      "integrity": "sha1-KQA8miFj4B4tLfyQV18sbB1hoDk="
    },
    "safe-buffer": {
      "version": "5.1.1",
      "resolved": "http://repo.availity.com:8081/artifactory/api/npm/npm/safe-buffer/-/safe-buffer-5.1.1.tgz",
      "integrity": "sha1-iTMSr2myEj3vcfV4iQAWce6yyFM="
    },
    "setimmediate": {
      "version": "1.0.5",
      "resolved": "http://repo.availity.com:8081/artifactory/api/npm/npm/setimmediate/-/setimmediate-1.0.5.tgz",
      "integrity": "sha1-KQy7Iy4waULX1+qbg3Mqt4VvgoU="
    },
    "socket.io-client": {
      "version": "2.0.2",
      "resolved": "http://repo.availity.com:8081/artifactory/api/npm/npm/socket.io-client/-/socket.io-client-2.0.2.tgz",
      "integrity": "sha1-hvWdtZuhFockIg85viga1Jr3QsE=",
      "requires": {
        "backo2": "1.0.2",
        "base64-arraybuffer": "0.1.5",
        "component-bind": "1.0.0",
        "component-emitter": "1.2.1",
        "debug": "2.6.9",
        "engine.io-client": "3.1.4",
        "has-cors": "1.1.0",
        "indexof": "0.0.1",
        "object-component": "0.0.3",
        "parseqs": "0.0.5",
        "parseuri": "0.0.5",
        "socket.io-parser": "3.1.2",
        "to-array": "0.1.4"
      }
    },
    "socket.io-parser": {
      "version": "3.1.2",
      "resolved": "http://repo.availity.com:8081/artifactory/api/npm/npm/socket.io-parser/-/socket.io-parser-3.1.2.tgz",
      "integrity": "sha1-28IoIVH8T6675Aru3Ady66YZ9/I=",
      "requires": {
        "component-emitter": "1.2.1",
        "debug": "2.6.9",
        "has-binary2": "1.0.2",
        "isarray": "2.0.1"
      }
    },
    "to-array": {
      "version": "0.1.4",
      "resolved": "http://repo.availity.com:8081/artifactory/api/npm/npm/to-array/-/to-array-0.1.4.tgz",
      "integrity": "sha1-F+bBH3PdTz10zaek/zI46a2b+JA="
    },
    "to-boolean-x": {
      "version": "1.0.1",
      "resolved": "http://repo.availity.com:8081/artifactory/api/npm/npm/to-boolean-x/-/to-boolean-x-1.0.1.tgz",
      "integrity": "sha1-ckEo2sxb6nWpOtRxvn7pJ3VhssE="
    },
    "to-integer-x": {
      "version": "3.0.0",
      "resolved": "http://repo.availity.com:8081/artifactory/api/npm/npm/to-integer-x/-/to-integer-x-3.0.0.tgz",
      "integrity": "sha1-nzuA5mjH8K5F5pJrQNlfUsGt3HQ=",
      "requires": {
        "is-finite-x": "3.0.2",
        "is-nan-x": "1.0.1",
        "math-sign-x": "3.0.0",
        "to-number-x": "2.0.0"
      }
    },
    "to-number-x": {
      "version": "2.0.0",
      "resolved": "http://repo.availity.com:8081/artifactory/api/npm/npm/to-number-x/-/to-number-x-2.0.0.tgz",
      "integrity": "sha1-yQmdfe2P0ycTKimH3y3Mi682300=",
      "requires": {
        "cached-constructors-x": "1.0.0",
        "nan-x": "1.0.0",
        "parse-int-x": "2.0.0",
        "to-primitive-x": "1.1.0",
        "trim-x": "3.0.0"
      }
    },
    "to-object-x": {
      "version": "1.5.0",
      "resolved": "http://repo.availity.com:8081/artifactory/api/npm/npm/to-object-x/-/to-object-x-1.5.0.tgz",
      "integrity": "sha1-vWndThBNd6zAzA2E9axI9jCuvjw=",
      "requires": {
        "cached-constructors-x": "1.0.0",
        "require-object-coercible-x": "1.4.1"
      }
    },
    "to-primitive-x": {
      "version": "1.1.0",
      "resolved": "http://repo.availity.com:8081/artifactory/api/npm/npm/to-primitive-x/-/to-primitive-x-1.1.0.tgz",
      "integrity": "sha1-Qc4sE+PiRuDl0KiCmgVnxgFYM/g=",
      "requires": {
        "has-symbol-support-x": "1.4.1",
        "is-date-object": "1.0.1",
        "is-function-x": "3.3.0",
        "is-nil-x": "1.4.1",
        "is-primitive": "2.0.0",
        "is-symbol": "1.0.1",
        "require-object-coercible-x": "1.4.1",
        "validate.io-undefined": "1.0.3"
      }
    },
    "to-property-key-x": {
      "version": "2.0.2",
      "resolved": "http://repo.availity.com:8081/artifactory/api/npm/npm/to-property-key-x/-/to-property-key-x-2.0.2.tgz",
      "integrity": "sha1-sZqo4i+qD/fRwQLPvGV69zQTz6E=",
      "requires": {
        "has-symbol-support-x": "1.4.1",
        "to-primitive-x": "1.1.0",
        "to-string-x": "1.4.2"
      }
    },
    "to-string-symbols-supported-x": {
      "version": "1.0.0",
      "resolved": "http://repo.availity.com:8081/artifactory/api/npm/npm/to-string-symbols-supported-x/-/to-string-symbols-supported-x-1.0.0.tgz",
      "integrity": "sha1-1DXrcjEv6IWxgEepbVnHVkFHaHI=",
      "requires": {
        "cached-constructors-x": "1.0.0",
        "has-symbol-support-x": "1.4.1",
        "is-symbol": "1.0.1"
      }
    },
    "to-string-tag-x": {
      "version": "1.4.2",
      "resolved": "http://repo.availity.com:8081/artifactory/api/npm/npm/to-string-tag-x/-/to-string-tag-x-1.4.2.tgz",
      "integrity": "sha1-kWoMctL5PcJ/zP4OoM4mzXi+Id4=",
      "requires": {
        "lodash.isnull": "3.0.0",
        "validate.io-undefined": "1.0.3"
      }
    },
    "to-string-x": {
      "version": "1.4.2",
      "resolved": "http://repo.availity.com:8081/artifactory/api/npm/npm/to-string-x/-/to-string-x-1.4.2.tgz",
      "integrity": "sha1-fZolKOFZqSFOZoE3weEKBFq+Ynk=",
      "requires": {
        "is-symbol": "1.0.1"
      }
    },
    "trim-left-x": {
      "version": "3.0.0",
      "resolved": "http://repo.availity.com:8081/artifactory/api/npm/npm/trim-left-x/-/trim-left-x-3.0.0.tgz",
      "integrity": "sha1-NWzwVYlnJrl1RCXoQTmIQukLTN8=",
      "requires": {
        "cached-constructors-x": "1.0.0",
        "require-coercible-to-string-x": "1.0.0",
        "white-space-x": "3.0.0"
      }
    },
    "trim-right-x": {
      "version": "3.0.0",
      "resolved": "http://repo.availity.com:8081/artifactory/api/npm/npm/trim-right-x/-/trim-right-x-3.0.0.tgz",
      "integrity": "sha1-KMTNN9WYH1Cs6bUuPOkQb00tIsA=",
      "requires": {
        "cached-constructors-x": "1.0.0",
        "require-coercible-to-string-x": "1.0.0",
        "white-space-x": "3.0.0"
      }
    },
    "trim-x": {
      "version": "3.0.0",
      "resolved": "http://repo.availity.com:8081/artifactory/api/npm/npm/trim-x/-/trim-x-3.0.0.tgz",
      "integrity": "sha1-JO/c0Ce3SLv8JGoBOa0XSb7+8CQ=",
      "requires": {
        "trim-left-x": "3.0.0",
        "trim-right-x": "3.0.0"
      }
    },
    "tus-js-client": {
      "version": "1.4.5",
      "resolved": "http://repo.availity.com:8081/artifactory/api/npm/npm/tus-js-client/-/tus-js-client-1.4.5.tgz",
      "integrity": "sha1-7lJd+KLE3EETvPkz3dfUCj20O5U=",
      "requires": {
        "buffer-from": "0.1.1",
        "extend": "3.0.1",
        "lodash.throttle": "4.1.1",
        "resolve-url": "0.2.1"
      }
    },
    "ua-parser-js": {
      "version": "0.7.17",
      "resolved": "http://repo.availity.com:8081/artifactory/api/npm/npm/ua-parser-js/-/ua-parser-js-0.7.17.tgz",
      "integrity": "sha1-6exflJi57JEOeuOsYmqAXE0J7Kw="
    },
    "ultron": {
      "version": "1.1.1",
      "resolved": "http://repo.availity.com:8081/artifactory/api/npm/npm/ultron/-/ultron-1.1.1.tgz",
      "integrity": "sha1-n+FTahCmZKZSZqHjzPhf02MCvJw="
    },
    "uppy": {
      "version": "0.22.1",
      "resolved": "http://repo.availity.com:8081/artifactory/api/npm/npm/uppy/-/uppy-0.22.1.tgz",
      "integrity": "sha1-F/gtfYvAdUe+gsOXU0dgVFKTh68=",
      "requires": {
        "classnames": "2.2.5",
        "cuid": "1.3.8",
        "drag-drop": "2.13.2",
        "es6-promise": "3.2.1",
        "get-form-data": "1.2.5",
        "lodash.throttle": "4.1.1",
        "mime-match": "1.0.2",
        "namespace-emitter": "2.0.1",
        "preact": "8.2.7",
        "prettier-bytes": "1.0.4",
        "prop-types": "15.6.0",
        "socket.io-client": "2.0.2",
        "tus-js-client": "1.4.5",
        "url-parse": "1.1.9",
        "whatwg-fetch": "2.0.3"
      },
      "dependencies": {
        "prop-types": {
          "version": "15.6.0",
          "resolved": "http://repo.availity.com:8081/artifactory/api/npm/npm/prop-types/-/prop-types-15.6.0.tgz",
          "integrity": "sha1-zq8IMCL8RrSjX2nhPvda7Q1jmFY=",
          "requires": {
            "fbjs": "0.8.16",
            "loose-envify": "1.3.1",
            "object-assign": "4.1.1"
          }
        }
      }
    },
    "url-parse": {
      "version": "1.1.9",
      "resolved": "http://repo.availity.com:8081/artifactory/api/npm/npm/url-parse/-/url-parse-1.1.9.tgz",
      "integrity": "sha1-xn8dd11R8KGJEd17P/rSe7nlvRk=",
      "requires": {
        "querystringify": "1.0.0",
        "requires-port": "1.0.0"
      }
    },
    "validate.io-undefined": {
      "version": "1.0.3",
      "resolved": "http://repo.availity.com:8081/artifactory/api/npm/npm/validate.io-undefined/-/validate.io-undefined-1.0.3.tgz",
      "integrity": "sha1-fif8uzFbhB54JDQxiXZxkp4gt/Q="
    },
    "whatwg-fetch": {
      "version": "2.0.3",
      "resolved": "http://repo.availity.com:8081/artifactory/api/npm/npm/whatwg-fetch/-/whatwg-fetch-2.0.3.tgz",
      "integrity": "sha1-nITsLc9oGH/wC8ZOEnS0QhduHIQ="
    },
    "white-space-x": {
      "version": "3.0.0",
      "resolved": "http://repo.availity.com:8081/artifactory/api/npm/npm/white-space-x/-/white-space-x-3.0.0.tgz",
      "integrity": "sha1-yOMe1P7PTz/uvmUy5gRgCKZmo+E="
    },
    "wildcard": {
      "version": "1.1.2",
      "resolved": "http://repo.availity.com:8081/artifactory/api/npm/npm/wildcard/-/wildcard-1.1.2.tgz",
      "integrity": "sha1-pwIEUwhNjNLv5wup02liY94XEKU="
    },
    "ws": {
      "version": "3.3.3",
      "resolved": "http://repo.availity.com:8081/artifactory/api/npm/npm/ws/-/ws-3.3.3.tgz",
      "integrity": "sha1-8c+E/i1ekB686U767OeF8YeiKPI=",
      "requires": {
        "async-limiter": "1.0.0",
        "safe-buffer": "5.1.1",
        "ultron": "1.1.1"
      }
    },
    "xmlhttprequest-ssl": {
      "version": "1.5.5",
      "resolved": "http://repo.availity.com:8081/artifactory/api/npm/npm/xmlhttprequest-ssl/-/xmlhttprequest-ssl-1.5.5.tgz",
      "integrity": "sha1-wodrBhaKrcQOV9l+gRkayPQ5iz4="
    },
    "yeast": {
      "version": "0.1.2",
      "resolved": "http://repo.availity.com:8081/artifactory/api/npm/npm/yeast/-/yeast-0.1.2.tgz",
      "integrity": "sha1-AI4G2AlDIMNy28L47XagymyKxBk="
    }
  }
}
